
Microsoft Visual Studio Solution File, Format Version 12.00
# Visual Studio Version 17
VisualStudioVersion = 17.7.34024.191
MinimumVisualStudioVersion = 10.0.40219.1
Project("{9A19103F-16F7-4668-BE54-9A1E7A4F7556}") = "ConsoleRunner", "ConsoleRunner\ConsoleRunner.csproj", "{E0139948-6AD1-42E4-9332-4FAF2A755BD7}"
EndProject
Project("{9A19103F-16F7-4668-BE54-9A1E7A4F7556}") = "Domain.Models", "Domain.Models\Domain.Models.csproj", "{411ACB92-5524-455D-9647-C1ADB999CC4F}"
EndProject
Project("{9A19103F-16F7-4668-BE54-9A1E7A4F7556}") = "Domain.Logic", "Domain.Logic\Domain.Logic.csproj", "{560E303C-D127-4B48-AEE3-4C705DF00493}"
EndProject
Project("{9A19103F-16F7-4668-BE54-9A1E7A4F7556}") = "DataAccess.Abstractions", "DataAccess.Abstractions\DataAccess.Abstractions.csproj", "{3FFA9615-8E4D-4075-B3CB-C7374BCDAB36}"
EndProject
Project("{9A19103F-16F7-4668-BE54-9A1E7A4F7556}") = "DataAccess", "DataAccess\DataAccess.csproj", "{20412000-CF14-4D02-9040-07F867777020}"
EndProject
Project("{2150E333-8FDC-42A3-9474-1A3956D46DE8}") = "Solution Items", "Solution Items", "{68BDA292-196B-4B20-A13F-6234C9B1E8DC}"
	ProjectSection(SolutionItems) = preProject
		work-items.json = work-items.json
	EndProjectSection
EndProject
Project("{FAE04EC0-301F-11D3-BF4B-00C04F79EFBC}") = "Domain.Logic.Tests", "Domain.Logic.Tests\Domain.Logic.Tests.csproj", "{3D1CD7CD-3DB3-4043-AF86-3D51D4E733DD}"
EndProject
Global
	GlobalSection(SolutionConfigurationPlatforms) = preSolution
		Debug|Any CPU = Debug|Any CPU
		Release|Any CPU = Release|Any CPU
	EndGlobalSection
	GlobalSection(ProjectConfigurationPlatforms) = postSolution
		{E0139948-6AD1-42E4-9332-4FAF2A755BD7}.Debug|Any CPU.ActiveCfg = Debug|Any CPU
		{E0139948-6AD1-42E4-9332-4FAF2A755BD7}.Debug|Any CPU.Build.0 = Debug|Any CPU
		{E0139948-6AD1-42E4-9332-4FAF2A755BD7}.Release|Any CPU.ActiveCfg = Release|Any CPU
		{E0139948-6AD1-42E4-9332-4FAF2A755BD7}.Release|Any CPU.Build.0 = Release|Any CPU
		{411ACB92-5524-455D-9647-C1ADB999CC4F}.Debug|Any CPU.ActiveCfg = Debug|Any CPU
		{411ACB92-5524-455D-9647-C1ADB999CC4F}.Debug|Any CPU.Build.0 = Debug|Any CPU
		{411ACB92-5524-455D-9647-C1ADB999CC4F}.Release|Any CPU.ActiveCfg = Release|Any CPU
		{411ACB92-5524-455D-9647-C1ADB999CC4F}.Release|Any CPU.Build.0 = Release|Any CPU
		{560E303C-D127-4B48-AEE3-4C705DF00493}.Debug|Any CPU.ActiveCfg = Debug|Any CPU
		{560E303C-D127-4B48-AEE3-4C705DF00493}.Debug|Any CPU.Build.0 = Debug|Any CPU
		{560E303C-D127-4B48-AEE3-4C705DF00493}.Release|Any CPU.ActiveCfg = Release|Any CPU
		{560E303C-D127-4B48-AEE3-4C705DF00493}.Release|Any CPU.Build.0 = Release|Any CPU
		{3FFA9615-8E4D-4075-B3CB-C7374BCDAB36}.Debug|Any CPU.ActiveCfg = Debug|Any CPU
		{3FFA9615-8E4D-4075-B3CB-C7374BCDAB36}.Debug|Any CPU.Build.0 = Debug|Any CPU
		{3FFA9615-8E4D-4075-B3CB-C7374BCDAB36}.Release|Any CPU.ActiveCfg = Release|Any CPU
		{3FFA9615-8E4D-4075-B3CB-C7374BCDAB36}.Release|Any CPU.Build.0 = Release|Any CPU
		{20412000-CF14-4D02-9040-07F867777020}.Debug|Any CPU.ActiveCfg = Debug|Any CPU
		{20412000-CF14-4D02-9040-07F867777020}.Debug|Any CPU.Build.0 = Debug|Any CPU
		{20412000-CF14-4D02-9040-07F867777020}.Release|Any CPU.ActiveCfg = Release|Any CPU
		{20412000-CF14-4D02-9040-07F867777020}.Release|Any CPU.Build.0 = Release|Any CPU
		{3D1CD7CD-3DB3-4043-AF86-3D51D4E733DD}.Debug|Any CPU.ActiveCfg = Debug|Any CPU
		{3D1CD7CD-3DB3-4043-AF86-3D51D4E733DD}.Debug|Any CPU.Build.0 = Debug|Any CPU
		{3D1CD7CD-3DB3-4043-AF86-3D51D4E733DD}.Release|Any CPU.ActiveCfg = Release|Any CPU
		{3D1CD7CD-3DB3-4043-AF86-3D51D4E733DD}.Release|Any CPU.Build.0 = Release|Any CPU
	EndGlobalSection
	GlobalSection(SolutionProperties) = preSolution
		HideSolutionNode = FALSE
	EndGlobalSection
	GlobalSection(ExtensibilityGlobals) = postSolution
		SolutionGuid = {23310293-593C-4936-A5A3-787E6FEB2018}
	EndGlobalSection
EndGlobal
